
Microsoft Visual Studio Solution File, Format Version 12.00
# Visual Studio Version 17
VisualStudioVersion = 17.0.31903.59
MinimumVisualStudioVersion = 10.0.40219.1
Project("{2150E333-8FDC-42A3-9474-1A3956D46DE8}") = "src", "src", "{A8C5EF7C-DAA9-4793-B42B-DB1D5C34E375}"
EndProject
Project("{FAE04EC0-301F-11D3-BF4B-00C04F79EFBC}") = "Library", "src\Library\Library.csproj", "{0F781EDA-AE81-48FE-B766-148F63C8A94C}"
EndProject
Project("{FAE04EC0-301F-11D3-BF4B-00C04F79EFBC}") = "Program", "src\Program\Program.csproj", "{CE809993-4EC2-440B-8232-102654C341DC}"
EndProject
Project("{2150E333-8FDC-42A3-9474-1A3956D46DE8}") = "test", "test", "{996DD0CF-CCAA-4DF8-9ECF-D59FCFD696A0}"
EndProject
Project("{FAE04EC0-301F-11D3-BF4B-00C04F79EFBC}") = "LibraryTests", "test\LibraryTests\LibraryTests.csproj", "{7DFDE0D3-BDB3-42B1-AAB7-EA691A9E9946}"
EndProject
Global
	GlobalSection(SolutionConfigurationPlatforms) = preSolution
		Debug|Any CPU = Debug|Any CPU
		Release|Any CPU = Release|Any CPU
	EndGlobalSection
	GlobalSection(SolutionProperties) = preSolution
		HideSolutionNode = FALSE
	EndGlobalSection
	GlobalSection(ProjectConfigurationPlatforms) = postSolution
		{0F781EDA-AE81-48FE-B766-148F63C8A94C}.Debug|Any CPU.ActiveCfg = Debug|Any CPU
		{0F781EDA-AE81-48FE-B766-148F63C8A94C}.Debug|Any CPU.Build.0 = Debug|Any CPU
		{0F781EDA-AE81-48FE-B766-148F63C8A94C}.Release|Any CPU.ActiveCfg = Release|Any CPU
		{0F781EDA-AE81-48FE-B766-148F63C8A94C}.Release|Any CPU.Build.0 = Release|Any CPU
		{CE809993-4EC2-440B-8232-102654C341DC}.Debug|Any CPU.ActiveCfg = Debug|Any CPU
		{CE809993-4EC2-440B-8232-102654C341DC}.Debug|Any CPU.Build.0 = Debug|Any CPU
		{CE809993-4EC2-440B-8232-102654C341DC}.Release|Any CPU.ActiveCfg = Release|Any CPU
		{CE809993-4EC2-440B-8232-102654C341DC}.Release|Any CPU.Build.0 = Release|Any CPU
		{7DFDE0D3-BDB3-42B1-AAB7-EA691A9E9946}.Debug|Any CPU.ActiveCfg = Debug|Any CPU
		{7DFDE0D3-BDB3-42B1-AAB7-EA691A9E9946}.Debug|Any CPU.Build.0 = Debug|Any CPU
		{7DFDE0D3-BDB3-42B1-AAB7-EA691A9E9946}.Release|Any CPU.ActiveCfg = Release|Any CPU
		{7DFDE0D3-BDB3-42B1-AAB7-EA691A9E9946}.Release|Any CPU.Build.0 = Release|Any CPU
	EndGlobalSection
	GlobalSection(NestedProjects) = preSolution
		{0F781EDA-AE81-48FE-B766-148F63C8A94C} = {A8C5EF7C-DAA9-4793-B42B-DB1D5C34E375}
		{CE809993-4EC2-440B-8232-102654C341DC} = {A8C5EF7C-DAA9-4793-B42B-DB1D5C34E375}
		{7DFDE0D3-BDB3-42B1-AAB7-EA691A9E9946} = {996DD0CF-CCAA-4DF8-9ECF-D59FCFD696A0}
	EndGlobalSection
EndGlobal
